
Microsoft Visual Studio Solution File, Format Version 12.00
# Visual Studio Version 17
VisualStudioVersion = 17.14.36705.20 d17.14
MinimumVisualStudioVersion = 10.0.40219.1
Project("{FAE04EC0-301F-11D3-BF4B-00C04F79EFBC}") = "CheckBoxesAspdotnet", "CheckBoxesAspdotnet\CheckBoxesAspdotnet.csproj", "{4CDED21E-D7A4-448D-A55F-F8002ABAE92E}"
EndProject
Global
	GlobalSection(SolutionConfigurationPlatforms) = preSolution
		Debug|Any CPU = Debug|Any CPU
		Release|Any CPU = Release|Any CPU
	EndGlobalSection
	GlobalSection(ProjectConfigurationPlatforms) = postSolution
		{4CDED21E-D7A4-448D-A55F-F8002ABAE92E}.Debug|Any CPU.ActiveCfg = Debug|Any CPU
		{4CDED21E-D7A4-448D-A55F-F8002ABAE92E}.Debug|Any CPU.Build.0 = Debug|Any CPU
		{4CDED21E-D7A4-448D-A55F-F8002ABAE92E}.Release|Any CPU.ActiveCfg = Release|Any CPU
		{4CDED21E-D7A4-448D-A55F-F8002ABAE92E}.Release|Any CPU.Build.0 = Release|Any CPU
	EndGlobalSection
	GlobalSection(SolutionProperties) = preSolution
		HideSolutionNode = FALSE
	EndGlobalSection
	GlobalSection(ExtensibilityGlobals) = postSolution
		SolutionGuid = {D1DA72CF-41B8-47D6-ACC1-3D83F3DC4D7D}
	EndGlobalSection
EndGlobal
